// !$*UTF8*$!
{
	archiveVersion = 1;
	classes = {
	};
	objectVersion = 46;
	objects = {

/* Begin PBXBuildFile section */
		DD3D786E19B918B100DD3EB1 /* MBBonusBlock.m in Sources */ = {isa = PBXBuildFile; fileRef = DD3D786D19B918B100DD3EB1 /* MBBonusBlock.m */; };
		DD3D787119B919D400DD3EB1 /* Globals.m in Sources */ = {isa = PBXBuildFile; fileRef = DD3D787019B919D400DD3EB1 /* Globals.m */; };
		DDAC191419999A5000C35ED4 /* Foundation.framework in Frameworks */ = {isa = PBXBuildFile; fileRef = DDAC191319999A5000C35ED4 /* Foundation.framework */; };
		DDAC191619999A5000C35ED4 /* CoreGraphics.framework in Frameworks */ = {isa = PBXBuildFile; fileRef = DDAC191519999A5000C35ED4 /* CoreGraphics.framework */; };
		DDAC191819999A5000C35ED4 /* UIKit.framework in Frameworks */ = {isa = PBXBuildFile; fileRef = DDAC191719999A5000C35ED4 /* UIKit.framework */; };
		DDAC191A19999A5000C35ED4 /* SpriteKit.framework in Frameworks */ = {isa = PBXBuildFile; fileRef = DDAC191919999A5000C35ED4 /* SpriteKit.framework */; };
		DDAC192019999A5000C35ED4 /* InfoPlist.strings in Resources */ = {isa = PBXBuildFile; fileRef = DDAC191E19999A5000C35ED4 /* InfoPlist.strings */; };
		DDAC192219999A5000C35ED4 /* main.m in Sources */ = {isa = PBXBuildFile; fileRef = DDAC192119999A5000C35ED4 /* main.m */; };
		DDAC192619999A5000C35ED4 /* MBAppDelegate.m in Sources */ = {isa = PBXBuildFile; fileRef = DDAC192519999A5000C35ED4 /* MBAppDelegate.m */; };
		DDAC192919999A5000C35ED4 /* Main.storyboard in Resources */ = {isa = PBXBuildFile; fileRef = DDAC192719999A5000C35ED4 /* Main.storyboard */; };
		DDAC192C19999A5000C35ED4 /* MBViewController.m in Sources */ = {isa = PBXBuildFile; fileRef = DDAC192B19999A5000C35ED4 /* MBViewController.m */; };
		DDAC192F19999A5000C35ED4 /* MBMyScene.m in Sources */ = {isa = PBXBuildFile; fileRef = DDAC192E19999A5000C35ED4 /* MBMyScene.m */; };
		DDAC193119999A5000C35ED4 /* Spaceship.png in Resources */ = {isa = PBXBuildFile; fileRef = DDAC193019999A5000C35ED4 /* Spaceship.png */; };
		DDAC193319999A5000C35ED4 /* Images.xcassets in Resources */ = {isa = PBXBuildFile; fileRef = DDAC193219999A5000C35ED4 /* Images.xcassets */; };
		DDAC193A19999A5000C35ED4 /* XCTest.framework in Frameworks */ = {isa = PBXBuildFile; fileRef = DDAC193919999A5000C35ED4 /* XCTest.framework */; };
		DDAC193B19999A5000C35ED4 /* Foundation.framework in Frameworks */ = {isa = PBXBuildFile; fileRef = DDAC191319999A5000C35ED4 /* Foundation.framework */; };
		DDAC193C19999A5000C35ED4 /* UIKit.framework in Frameworks */ = {isa = PBXBuildFile; fileRef = DDAC191719999A5000C35ED4 /* UIKit.framework */; };
		DDAC194419999A5000C35ED4 /* InfoPlist.strings in Resources */ = {isa = PBXBuildFile; fileRef = DDAC194219999A5000C35ED4 /* InfoPlist.strings */; };
		DDAC194619999A5000C35ED4 /* MyBlocksTests.m in Sources */ = {isa = PBXBuildFile; fileRef = DDAC194519999A5000C35ED4 /* MyBlocksTests.m */; };
/* End PBXBuildFile section */

/* Begin PBXContainerItemProxy section */
		DDAC193D19999A5000C35ED4 /* PBXContainerItemProxy */ = {
			isa = PBXContainerItemProxy;
			containerPortal = DDAC190819999A5000C35ED4 /* Project object */;
			proxyType = 1;
			remoteGlobalIDString = DDAC190F19999A5000C35ED4;
			remoteInfo = MyBlocks;
		};
/* End PBXContainerItemProxy section */

/* Begin PBXFileReference section */
		DD3D786C19B918B100DD3EB1 /* MBBonusBlock.h */ = {isa = PBXFileReference; fileEncoding = 4; lastKnownFileType = sourcecode.c.h; path = MBBonusBlock.h; sourceTree = "<group>"; };
		DD3D786D19B918B100DD3EB1 /* MBBonusBlock.m */ = {isa = PBXFileReference; fileEncoding = 4; lastKnownFileType = sourcecode.c.objc; path = MBBonusBlock.m; sourceTree = "<group>"; };
		DD3D786F19B919D400DD3EB1 /* Globals.h */ = {isa = PBXFileReference; fileEncoding = 4; lastKnownFileType = sourcecode.c.h; path = Globals.h; sourceTree = "<group>"; };
		DD3D787019B919D400DD3EB1 /* Globals.m */ = {isa = PBXFileReference; fileEncoding = 4; lastKnownFileType = sourcecode.c.objc; path = Globals.m; sourceTree = "<group>"; };
		DDAC191019999A5000C35ED4 /* MyBlocks.app */ = {isa = PBXFileReference; explicitFileType = wrapper.application; includeInIndex = 0; path = MyBlocks.app; sourceTree = BUILT_PRODUCTS_DIR; };
		DDAC191319999A5000C35ED4 /* Foundation.framework */ = {isa = PBXFileReference; lastKnownFileType = wrapper.framework; name = Foundation.framework; path = System/Library/Frameworks/Foundation.framework; sourceTree = SDKROOT; };
		DDAC191519999A5000C35ED4 /* CoreGraphics.framework */ = {isa = PBXFileReference; lastKnownFileType = wrapper.framework; name = CoreGraphics.framework; path = System/Library/Frameworks/CoreGraphics.framework; sourceTree = SDKROOT; };
		DDAC191719999A5000C35ED4 /* UIKit.framework */ = {isa = PBXFileReference; lastKnownFileType = wrapper.framework; name = UIKit.framework; path = System/Library/Frameworks/UIKit.framework; sourceTree = SDKROOT; };
		DDAC191919999A5000C35ED4 /* SpriteKit.framework */ = {isa = PBXFileReference; lastKnownFileType = wrapper.framework; name = SpriteKit.framework; path = System/Library/Frameworks/SpriteKit.framework; sourceTree = SDKROOT; };
		DDAC191D19999A5000C35ED4 /* MyBlocks-Info.plist */ = {isa = PBXFileReference; lastKnownFileType = text.plist.xml; path = "MyBlocks-Info.plist"; sourceTree = "<group>"; };
		DDAC191F19999A5000C35ED4 /* en */ = {isa = PBXFileReference; lastKnownFileType = text.plist.strings; name = en; path = en.lproj/InfoPlist.strings; sourceTree = "<group>"; };
		DDAC192119999A5000C35ED4 /* main.m */ = {isa = PBXFileReference; lastKnownFileType = sourcecode.c.objc; path = main.m; sourceTree = "<group>"; };
		DDAC192319999A5000C35ED4 /* MyBlocks-Prefix.pch */ = {isa = PBXFileReference; lastKnownFileType = sourcecode.c.h; path = "MyBlocks-Prefix.pch"; sourceTree = "<group>"; };
		DDAC192419999A5000C35ED4 /* MBAppDelegate.h */ = {isa = PBXFileReference; lastKnownFileType = sourcecode.c.h; path = MBAppDelegate.h; sourceTree = "<group>"; };
		DDAC192519999A5000C35ED4 /* MBAppDelegate.m */ = {isa = PBXFileReference; lastKnownFileType = sourcecode.c.objc; path = MBAppDelegate.m; sourceTree = "<group>"; };
		DDAC192819999A5000C35ED4 /* Base */ = {isa = PBXFileReference; lastKnownFileType = file.storyboard; name = Base; path = Base.lproj/Main.storyboard; sourceTree = "<group>"; };
		DDAC192A19999A5000C35ED4 /* MBViewController.h */ = {isa = PBXFileReference; lastKnownFileType = sourcecode.c.h; path = MBViewController.h; sourceTree = "<group>"; };
		DDAC192B19999A5000C35ED4 /* MBViewController.m */ = {isa = PBXFileReference; lastKnownFileType = sourcecode.c.objc; path = MBViewController.m; sourceTree = "<group>"; };
		DDAC192D19999A5000C35ED4 /* MBMyScene.h */ = {isa = PBXFileReference; lastKnownFileType = sourcecode.c.h; path = MBMyScene.h; sourceTree = "<group>"; };
		DDAC192E19999A5000C35ED4 /* MBMyScene.m */ = {isa = PBXFileReference; lastKnownFileType = sourcecode.c.objc; path = MBMyScene.m; sourceTree = "<group>"; };
		DDAC193019999A5000C35ED4 /* Spaceship.png */ = {isa = PBXFileReference; lastKnownFileType = image.png; path = Spaceship.png; sourceTree = "<group>"; };
		DDAC193219999A5000C35ED4 /* Images.xcassets */ = {isa = PBXFileReference; lastKnownFileType = folder.assetcatalog; path = Images.xcassets; sourceTree = "<group>"; };
		DDAC193819999A5000C35ED4 /* MyBlocksTests.xctest */ = {isa = PBXFileReference; explicitFileType = wrapper.cfbundle; includeInIndex = 0; path = MyBlocksTests.xctest; sourceTree = BUILT_PRODUCTS_DIR; };
		DDAC193919999A5000C35ED4 /* XCTest.framework */ = {isa = PBXFileReference; lastKnownFileType = wrapper.framework; name = XCTest.framework; path = Library/Frameworks/XCTest.framework; sourceTree = DEVELOPER_DIR; };
		DDAC194119999A5000C35ED4 /* MyBlocksTests-Info.plist */ = {isa = PBXFileReference; lastKnownFileType = text.plist.xml; path = "MyBlocksTests-Info.plist"; sourceTree = "<group>"; };
		DDAC194319999A5000C35ED4 /* en */ = {isa = PBXFileReference; lastKnownFileType = text.plist.strings; name = en; path = en.lproj/InfoPlist.strings; sourceTree = "<group>"; };
		DDAC194519999A5000C35ED4 /* MyBlocksTests.m */ = {isa = PBXFileReference; lastKnownFileType = sourcecode.c.objc; path = MyBlocksTests.m; sourceTree = "<group>"; };
/* End PBXFileReference section */

/* Begin PBXFrameworksBuildPhase section */
		DDAC190D19999A5000C35ED4 /* Frameworks */ = {
			isa = PBXFrameworksBuildPhase;
			buildActionMask = 2147483647;
			files = (
				DDAC191619999A5000C35ED4 /* CoreGraphics.framework in Frameworks */,
				DDAC191819999A5000C35ED4 /* UIKit.framework in Frameworks */,
				DDAC191A19999A5000C35ED4 /* SpriteKit.framework in Frameworks */,
				DDAC191419999A5000C35ED4 /* Foundation.framework in Frameworks */,
			);
			runOnlyForDeploymentPostprocessing = 0;
		};
		DDAC193519999A5000C35ED4 /* Frameworks */ = {
			isa = PBXFrameworksBuildPhase;
			buildActionMask = 2147483647;
			files = (
				DDAC193A19999A5000C35ED4 /* XCTest.framework in Frameworks */,
				DDAC193C19999A5000C35ED4 /* UIKit.framework in Frameworks */,
				DDAC193B19999A5000C35ED4 /* Foundation.framework in Frameworks */,
			);
			runOnlyForDeploymentPostprocessing = 0;
		};
/* End PBXFrameworksBuildPhase section */

/* Begin PBXGroup section */
		DDAC190719999A5000C35ED4 = {
			isa = PBXGroup;
			children = (
				DDAC191B19999A5000C35ED4 /* MyBlocks */,
				DDAC193F19999A5000C35ED4 /* MyBlocksTests */,
				DDAC191219999A5000C35ED4 /* Frameworks */,
				DDAC191119999A5000C35ED4 /* Products */,
			);
			sourceTree = "<group>";
		};
		DDAC191119999A5000C35ED4 /* Products */ = {
			isa = PBXGroup;
			children = (
				DDAC191019999A5000C35ED4 /* MyBlocks.app */,
				DDAC193819999A5000C35ED4 /* MyBlocksTests.xctest */,
			);
			name = Products;
			sourceTree = "<group>";
		};
		DDAC191219999A5000C35ED4 /* Frameworks */ = {
			isa = PBXGroup;
			children = (
				DDAC191319999A5000C35ED4 /* Foundation.framework */,
				DDAC191519999A5000C35ED4 /* CoreGraphics.framework */,
				DDAC191719999A5000C35ED4 /* UIKit.framework */,
				DDAC191919999A5000C35ED4 /* SpriteKit.framework */,
				DDAC193919999A5000C35ED4 /* XCTest.framework */,
			);
			name = Frameworks;
			sourceTree = "<group>";
		};
		DDAC191B19999A5000C35ED4 /* MyBlocks */ = {
			isa = PBXGroup;
			children = (
				DDAC192419999A5000C35ED4 /* MBAppDelegate.h */,
				DDAC192519999A5000C35ED4 /* MBAppDelegate.m */,
				DDAC192719999A5000C35ED4 /* Main.storyboard */,
				DDAC192A19999A5000C35ED4 /* MBViewController.h */,
				DDAC192B19999A5000C35ED4 /* MBViewController.m */,
				DDAC192D19999A5000C35ED4 /* MBMyScene.h */,
				DDAC192E19999A5000C35ED4 /* MBMyScene.m */,
				DD3D786C19B918B100DD3EB1 /* MBBonusBlock.h */,
				DD3D786D19B918B100DD3EB1 /* MBBonusBlock.m */,
				DD3D786F19B919D400DD3EB1 /* Globals.h */,
				DD3D787019B919D400DD3EB1 /* Globals.m */,
				DDAC193019999A5000C35ED4 /* Spaceship.png */,
				DDAC193219999A5000C35ED4 /* Images.xcassets */,
				DDAC191C19999A5000C35ED4 /* Supporting Files */,
			);
			path = MyBlocks;
			sourceTree = "<group>";
		};
		DDAC191C19999A5000C35ED4 /* Supporting Files */ = {
			isa = PBXGroup;
			children = (
				DDAC191D19999A5000C35ED4 /* MyBlocks-Info.plist */,
				DDAC191E19999A5000C35ED4 /* InfoPlist.strings */,
				DDAC192119999A5000C35ED4 /* main.m */,
				DDAC192319999A5000C35ED4 /* MyBlocks-Prefix.pch */,
			);
			name = "Supporting Files";
			sourceTree = "<group>";
		};
		DDAC193F19999A5000C35ED4 /* MyBlocksTests */ = {
			isa = PBXGroup;
			children = (
				DDAC194519999A5000C35ED4 /* MyBlocksTests.m */,
				DDAC194019999A5000C35ED4 /* Supporting Files */,
			);
			path = MyBlocksTests;
			sourceTree = "<group>";
		};
		DDAC194019999A5000C35ED4 /* Supporting Files */ = {
			isa = PBXGroup;
			children = (
				DDAC194119999A5000C35ED4 /* MyBlocksTests-Info.plist */,
				DDAC194219999A5000C35ED4 /* InfoPlist.strings */,
			);
			name = "Supporting Files";
			sourceTree = "<group>";
		};
/* End PBXGroup section */

/* Begin PBXNativeTarget section */
		DDAC190F19999A5000C35ED4 /* MyBlocks */ = {
			isa = PBXNativeTarget;
			buildConfigurationList = DDAC194919999A5000C35ED4 /* Build configuration list for PBXNativeTarget "MyBlocks" */;
			buildPhases = (
				DDAC190C19999A5000C35ED4 /* Sources */,
				DDAC190D19999A5000C35ED4 /* Frameworks */,
				DDAC190E19999A5000C35ED4 /* Resources */,
			);
			buildRules = (
			);
			dependencies = (
			);
			name = MyBlocks;
			productName = MyBlocks;
			productReference = DDAC191019999A5000C35ED4 /* MyBlocks.app */;
			productType = "com.apple.product-type.application";
		};
		DDAC193719999A5000C35ED4 /* MyBlocksTests */ = {
			isa = PBXNativeTarget;
			buildConfigurationList = DDAC194C19999A5000C35ED4 /* Build configuration list for PBXNativeTarget "MyBlocksTests" */;
			buildPhases = (
				DDAC193419999A5000C35ED4 /* Sources */,
				DDAC193519999A5000C35ED4 /* Frameworks */,
				DDAC193619999A5000C35ED4 /* Resources */,
			);
			buildRules = (
			);
			dependencies = (
				DDAC193E19999A5000C35ED4 /* PBXTargetDependency */,
			);
			name = MyBlocksTests;
			productName = MyBlocksTests;
			productReference = DDAC193819999A5000C35ED4 /* MyBlocksTests.xctest */;
			productType = "com.apple.product-type.bundle.unit-test";
		};
/* End PBXNativeTarget section */

/* Begin PBXProject section */
		DDAC190819999A5000C35ED4 /* Project object */ = {
			isa = PBXProject;
			attributes = {
				CLASSPREFIX = MB;
				LastUpgradeCheck = 0510;
				ORGANIZATIONNAME = "Vadim Zhepetov";
				TargetAttributes = {
					DDAC193719999A5000C35ED4 = {
						TestTargetID = DDAC190F19999A5000C35ED4;
					};
				};
			};
			buildConfigurationList = DDAC190B19999A5000C35ED4 /* Build configuration list for PBXProject "MyBlocks" */;
			compatibilityVersion = "Xcode 3.2";
			developmentRegion = English;
			hasScannedForEncodings = 0;
			knownRegions = (
				en,
				Base,
			);
			mainGroup = DDAC190719999A5000C35ED4;
			productRefGroup = DDAC191119999A5000C35ED4 /* Products */;
			projectDirPath = "";
			projectRoot = "";
			targets = (
				DDAC190F19999A5000C35ED4 /* MyBlocks */,
				DDAC193719999A5000C35ED4 /* MyBlocksTests */,
			);
		};
/* End PBXProject section */

/* Begin PBXResourcesBuildPhase section */
		DDAC190E19999A5000C35ED4 /* Resources */ = {
			isa = PBXResourcesBuildPhase;
			buildActionMask = 2147483647;
			files = (
				DDAC192019999A5000C35ED4 /* InfoPlist.strings in Resources */,
				DDAC193319999A5000C35ED4 /* Images.xcassets in Resources */,
				DDAC193119999A5000C35ED4 /* Spaceship.png in Resources */,
				DDAC192919999A5000C35ED4 /* Main.storyboard in Resources */,
			);
			runOnlyForDeploymentPostprocessing = 0;
		};
		DDAC193619999A5000C35ED4 /* Resources */ = {
			isa = PBXResourcesBuildPhase;
			buildActionMask = 2147483647;
			files = (
				DDAC194419999A5000C35ED4 /* InfoPlist.strings in Resources */,
			);
			runOnlyForDeploymentPostprocessing = 0;
		};
/* End PBXResourcesBuildPhase section */

/* Begin PBXSourcesBuildPhase section */
		DDAC190C19999A5000C35ED4 /* Sources */ = {
			isa = PBXSourcesBuildPhase;
			buildActionMask = 2147483647;
			files = (
				DD3D786E19B918B100DD3EB1 /* MBBonusBlock.m in Sources */,
				DDAC192219999A5000C35ED4 /* main.m in Sources */,
				DDAC192F19999A5000C35ED4 /* MBMyScene.m in Sources */,
				DDAC192C19999A5000C35ED4 /* MBViewController.m in Sources */,
				DD3D787119B919D400DD3EB1 /* Globals.m in Sources */,
				DDAC192619999A5000C35ED4 /* MBAppDelegate.m in Sources */,
			);
			runOnlyForDeploymentPostprocessing = 0;
		};
		DDAC193419999A5000C35ED4 /* Sources */ = {
			isa = PBXSourcesBuildPhase;
			buildActionMask = 2147483647;
			files = (
				DDAC194619999A5000C35ED4 /* MyBlocksTests.m in Sources */,
			);
			runOnlyForDeploymentPostprocessing = 0;
		};
/* End PBXSourcesBuildPhase section */

/* Begin PBXTargetDependency section */
		DDAC193E19999A5000C35ED4 /* PBXTargetDependency */ = {
			isa = PBXTargetDependency;
			target = DDAC190F19999A5000C35ED4 /* MyBlocks */;
			targetProxy = DDAC193D19999A5000C35ED4 /* PBXContainerItemProxy */;
		};
/* End PBXTargetDependency section */

/* Begin PBXVariantGroup section */
		DDAC191E19999A5000C35ED4 /* InfoPlist.strings */ = {
			isa = PBXVariantGroup;
			children = (
				DDAC191F19999A5000C35ED4 /* en */,
			);
			name = InfoPlist.strings;
			sourceTree = "<group>";
		};
		DDAC192719999A5000C35ED4 /* Main.storyboard */ = {
			isa = PBXVariantGroup;
			children = (
				DDAC192819999A5000C35ED4 /* Base */,
			);
			name = Main.storyboard;
			sourceTree = "<group>";
		};
		DDAC194219999A5000C35ED4 /* InfoPlist.strings */ = {
			isa = PBXVariantGroup;
			children = (
				DDAC194319999A5000C35ED4 /* en */,
			);
			name = InfoPlist.strings;
			sourceTree = "<group>";
		};
/* End PBXVariantGroup section */

/* Begin XCBuildConfiguration section */
		DDAC194719999A5000C35ED4 /* Debug */ = {
			isa = XCBuildConfiguration;
			buildSettings = {
				ALWAYS_SEARCH_USER_PATHS = NO;
				CLANG_CXX_LANGUAGE_STANDARD = "gnu++0x";
				CLANG_CXX_LIBRARY = "libc++";
				CLANG_ENABLE_MODULES = YES;
				CLANG_ENABLE_OBJC_ARC = YES;
				CLANG_WARN_BOOL_CONVERSION = YES;
				CLANG_WARN_CONSTANT_CONVERSION = YES;
				CLANG_WARN_DIRECT_OBJC_ISA_USAGE = YES_ERROR;
				CLANG_WARN_EMPTY_BODY = YES;
				CLANG_WARN_ENUM_CONVERSION = YES;
				CLANG_WARN_INT_CONVERSION = YES;
				CLANG_WARN_OBJC_ROOT_CLASS = YES_ERROR;
				CLANG_WARN__DUPLICATE_METHOD_MATCH = YES;
				"CODE_SIGN_IDENTITY[sdk=iphoneos*]" = "iPhone Developer";
				COPY_PHASE_STRIP = NO;
				GCC_C_LANGUAGE_STANDARD = gnu99;
				GCC_DYNAMIC_NO_PIC = NO;
				GCC_OPTIMIZATION_LEVEL = 0;
				GCC_PREPROCESSOR_DEFINITIONS = (
					"DEBUG=1",
					"$(inherited)",
				);
				GCC_SYMBOLS_PRIVATE_EXTERN = NO;
				GCC_WARN_64_TO_32_BIT_CONVERSION = YES;
				GCC_WARN_ABOUT_RETURN_TYPE = YES_ERROR;
				GCC_WARN_UNDECLARED_SELECTOR = YES;
				GCC_WARN_UNINITIALIZED_AUTOS = YES_AGGRESSIVE;
				GCC_WARN_UNUSED_FUNCTION = YES;
				GCC_WARN_UNUSED_VARIABLE = YES;
				IPHONEOS_DEPLOYMENT_TARGET = 7.1;
				ONLY_ACTIVE_ARCH = YES;
				SDKROOT = iphoneos;
			};
			name = Debug;
		};
		DDAC194819999A5000C35ED4 /* Release */ = {
			isa = XCBuildConfiguration;
			buildSettings = {
				ALWAYS_SEARCH_USER_PATHS = NO;
				CLANG_CXX_LANGUAGE_STANDARD = "gnu++0x";
				CLANG_CXX_LIBRARY = "libc++";
				CLANG_ENABLE_MODULES = YES;
				CLANG_ENABLE_OBJC_ARC = YES;
				CLANG_WARN_BOOL_CONVERSION = YES;
				CLANG_WARN_CONSTANT_CONVERSION = YES;
				CLANG_WARN_DIRECT_OBJC_ISA_USAGE = YES_ERROR;
				CLANG_WARN_EMPTY_BODY = YES;
				CLANG_WARN_ENUM_CONVERSION = YES;
				CLANG_WARN_INT_CONVERSION = YES;
				CLANG_WARN_OBJC_ROOT_CLASS = YES_ERROR;
				CLANG_WARN__DUPLICATE_METHOD_MATCH = YES;
				"CODE_SIGN_IDENTITY[sdk=iphoneos*]" = "iPhone Developer";
				COPY_PHASE_STRIP = YES;
				ENABLE_NS_ASSERTIONS = NO;
				GCC_C_LANGUAGE_STANDARD = gnu99;
				GCC_WARN_64_TO_32_BIT_CONVERSION = YES;
				GCC_WARN_ABOUT_RETURN_TYPE = YES_ERROR;
				GCC_WARN_UNDECLARED_SELECTOR = YES;
				GCC_WARN_UNINITIALIZED_AUTOS = YES_AGGRESSIVE;
				GCC_WARN_UNUSED_FUNCTION = YES;
				GCC_WARN_UNUSED_VARIABLE = YES;
				IPHONEOS_DEPLOYMENT_TARGET = 7.1;
				SDKROOT = iphoneos;
				VALIDATE_PRODUCT = YES;
			};
			name = Release;
		};
		DDAC194A19999A5000C35ED4 /* Debug */ = {
			isa = XCBuildConfiguration;
			buildSettings = {
				ASSETCATALOG_COMPILER_APPICON_NAME = AppIcon;
				ASSETCATALOG_COMPILER_LAUNCHIMAGE_NAME = LaunchImage;
				GCC_PRECOMPILE_PREFIX_HEADER = YES;
				GCC_PREFIX_HEADER = "MyBlocks/MyBlocks-Prefix.pch";
				INFOPLIST_FILE = "MyBlocks/MyBlocks-Info.plist";
				PRODUCT_NAME = "$(TARGET_NAME)";
				SPRITEKIT_TEXTURE_ATLAS_OUTPUT = YES;
				WRAPPER_EXTENSION = app;
			};
			name = Debug;
		};
		DDAC194B19999A5000C35ED4 /* Release */ = {
			isa = XCBuildConfiguration;
			buildSettings = {
				ASSETCATALOG_COMPILER_APPICON_NAME = AppIcon;
				ASSETCATALOG_COMPILER_LAUNCHIMAGE_NAME = LaunchImage;
				GCC_PRECOMPILE_PREFIX_HEADER = YES;
				GCC_PREFIX_HEADER = "MyBlocks/MyBlocks-Prefix.pch";
				INFOPLIST_FILE = "MyBlocks/MyBlocks-Info.plist";
				PRODUCT_NAME = "$(TARGET_NAME)";
				SPRITEKIT_TEXTURE_ATLAS_OUTPUT = YES;
				WRAPPER_EXTENSION = app;
			};
			name = Release;
		};
		DDAC194D19999A5000C35ED4 /* Debug */ = {
			isa = XCBuildConfiguration;
			buildSettings = {
				BUNDLE_LOADER = "$(BUILT_PRODUCTS_DIR)/MyBlocks.app/MyBlocks";
				FRAMEWORK_SEARCH_PATHS = (
					"$(SDKROOT)/Developer/Library/Frameworks",
					"$(inherited)",
					"$(DEVELOPER_FRAMEWORKS_DIR)",
				);
				GCC_PRECOMPILE_PREFIX_HEADER = YES;
				GCC_PREFIX_HEADER = "MyBlocks/MyBlocks-Prefix.pch";
				GCC_PREPROCESSOR_DEFINITIONS = (
					"DEBUG=1",
					"$(inherited)",
				);
				INFOPLIST_FILE = "MyBlocksTests/MyBlocksTests-Info.plist";
				PRODUCT_NAME = "$(TARGET_NAME)";
				TEST_HOST = "$(BUNDLE_LOADER)";
				WRAPPER_EXTENSION = xctest;
			};
			name = Debug;
		};
		DDAC194E19999A5000C35ED4 /* Release */ = {
			isa = XCBuildConfiguration;
			buildSettings = {
				BUNDLE_LOADER = "$(BUILT_PRODUCTS_DIR)/MyBlocks.app/MyBlocks";
				FRAMEWORK_SEARCH_PATHS = (
					"$(SDKROOT)/Developer/Library/Frameworks",
					"$(inherited)",
					"$(DEVELOPER_FRAMEWORKS_DIR)",
				);
				GCC_PRECOMPILE_PREFIX_HEADER = YES;
				GCC_PREFIX_HEADER = "MyBlocks/MyBlocks-Prefix.pch";
				INFOPLIST_FILE = "MyBlocksTests/MyBlocksTests-Info.plist";
				PRODUCT_NAME = "$(TARGET_NAME)";
				TEST_HOST = "$(BUNDLE_LOADER)";
				WRAPPER_EXTENSION = xctest;
			};
			name = Release;
		};
/* End XCBuildConfiguration section */

/* Begin XCConfigurationList section */
		DDAC190B19999A5000C35ED4 /* Build configuration list for PBXProject "MyBlocks" */ = {
			isa = XCConfigurationList;
			buildConfigurations = (
				DDAC194719999A5000C35ED4 /* Debug */,
				DDAC194819999A5000C35ED4 /* Release */,
			);
			defaultConfigurationIsVisible = 0;
			defaultConfigurationName = Release;
		};
		DDAC194919999A5000C35ED4 /* Build configuration list for PBXNativeTarget "MyBlocks" */ = {
			isa = XCConfigurationList;
			buildConfigurations = (
				DDAC194A19999A5000C35ED4 /* Debug */,
				DDAC194B19999A5000C35ED4 /* Release */,
			);
			defaultConfigurationIsVisible = 0;
			defaultConfigurationName = Release;
		};
		DDAC194C19999A5000C35ED4 /* Build configuration list for PBXNativeTarget "MyBlocksTests" */ = {
			isa = XCConfigurationList;
			buildConfigurations = (
				DDAC194D19999A5000C35ED4 /* Debug */,
				DDAC194E19999A5000C35ED4 /* Release */,
			);
			defaultConfigurationIsVisible = 0;
			defaultConfigurationName = Release;
		};
/* End XCConfigurationList section */
	};
	rootObject = DDAC190819999A5000C35ED4 /* Project object */;
}
